// !$*UTF8*$!
{
	archiveVersion = 1;
	classes = {
	};
	objectVersion = 56;
	objects = {

/* Begin PBXBuildFile section */
		5011E5CE2A3354BF00CEE54E /* AppDelegate.swift in Sources */ = {isa = PBXBuildFile; fileRef = 5011E5CD2A3354BF00CEE54E /* AppDelegate.swift */; };
		5011E5D02A3354BF00CEE54E /* SceneDelegate.swift in Sources */ = {isa = PBXBuildFile; fileRef = 5011E5CF2A3354BF00CEE54E /* SceneDelegate.swift */; };
		5011E5D22A3354BF00CEE54E /* ViewController.swift in Sources */ = {isa = PBXBuildFile; fileRef = 5011E5D12A3354BF00CEE54E /* ViewController.swift */; };
		5011E5D52A3354BF00CEE54E /* Main.storyboard in Resources */ = {isa = PBXBuildFile; fileRef = 5011E5D32A3354BF00CEE54E /* Main.storyboard */; };
		5011E5D72A3354C200CEE54E /* Assets.xcassets in Resources */ = {isa = PBXBuildFile; fileRef = 5011E5D62A3354C200CEE54E /* Assets.xcassets */; };
		5011E5DA2A3354C200CEE54E /* LaunchScreen.storyboard in Resources */ = {isa = PBXBuildFile; fileRef = 5011E5D82A3354C200CEE54E /* LaunchScreen.storyboard */; };
		5011E5E52A3354C200CEE54E /* LoginsStrongpasswordTests.swift in Sources */ = {isa = PBXBuildFile; fileRef = 5011E5E42A3354C200CEE54E /* LoginsStrongpasswordTests.swift */; };
		5011E5EF2A3354C200CEE54E /* LoginsStrongpasswordUITests.swift in Sources */ = {isa = PBXBuildFile; fileRef = 5011E5EE2A3354C200CEE54E /* LoginsStrongpasswordUITests.swift */; };
		5011E5F12A3354C200CEE54E /* LoginsStrongpasswordUITestsLaunchTests.swift in Sources */ = {isa = PBXBuildFile; fileRef = 5011E5F02A3354C200CEE54E /* LoginsStrongpasswordUITestsLaunchTests.swift */; };
/* End PBXBuildFile section */

/* Begin PBXContainerItemProxy section */
		5011E5E12A3354C200CEE54E /* PBXContainerItemProxy */ = {
			isa = PBXContainerItemProxy;
			containerPortal = 5011E5C22A3354BF00CEE54E /* Project object */;
			proxyType = 1;
			remoteGlobalIDString = 5011E5C92A3354BF00CEE54E;
			remoteInfo = LoginsStrongpassword;
		};
		5011E5EB2A3354C200CEE54E /* PBXContainerItemProxy */ = {
			isa = PBXContainerItemProxy;
			containerPortal = 5011E5C22A3354BF00CEE54E /* Project object */;
			proxyType = 1;
			remoteGlobalIDString = 5011E5C92A3354BF00CEE54E;
			remoteInfo = LoginsStrongpassword;
		};
/* End PBXContainerItemProxy section */

/* Begin PBXFileReference section */
		5011E5CA2A3354BF00CEE54E /* LoginsStrongpassword.app */ = {isa = PBXFileReference; explicitFileType = wrapper.application; includeInIndex = 0; path = LoginsStrongpassword.app; sourceTree = BUILT_PRODUCTS_DIR; };
		5011E5CD2A3354BF00CEE54E /* AppDelegate.swift */ = {isa = PBXFileReference; lastKnownFileType = sourcecode.swift; path = AppDelegate.swift; sourceTree = "<group>"; };
		5011E5CF2A3354BF00CEE54E /* SceneDelegate.swift */ = {isa = PBXFileReference; lastKnownFileType = sourcecode.swift; path = SceneDelegate.swift; sourceTree = "<group>"; };
		5011E5D12A3354BF00CEE54E /* ViewController.swift */ = {isa = PBXFileReference; lastKnownFileType = sourcecode.swift; path = ViewController.swift; sourceTree = "<group>"; };
		5011E5D42A3354BF00CEE54E /* Base */ = {isa = PBXFileReference; lastKnownFileType = file.storyboard; name = Base; path = Base.lproj/Main.storyboard; sourceTree = "<group>"; };
		5011E5D62A3354C200CEE54E /* Assets.xcassets */ = {isa = PBXFileReference; lastKnownFileType = folder.assetcatalog; path = Assets.xcassets; sourceTree = "<group>"; };
		5011E5D92A3354C200CEE54E /* Base */ = {isa = PBXFileReference; lastKnownFileType = file.storyboard; name = Base; path = Base.lproj/LaunchScreen.storyboard; sourceTree = "<group>"; };
		5011E5DB2A3354C200CEE54E /* Info.plist */ = {isa = PBXFileReference; lastKnownFileType = text.plist.xml; path = Info.plist; sourceTree = "<group>"; };
		5011E5E02A3354C200CEE54E /* LoginsStrongpasswordTests.xctest */ = {isa = PBXFileReference; explicitFileType = wrapper.cfbundle; includeInIndex = 0; path = LoginsStrongpasswordTests.xctest; sourceTree = BUILT_PRODUCTS_DIR; };
		5011E5E42A3354C200CEE54E /* LoginsStrongpasswordTests.swift */ = {isa = PBXFileReference; lastKnownFileType = sourcecode.swift; path = LoginsStrongpasswordTests.swift; sourceTree = "<group>"; };
		5011E5EA2A3354C200CEE54E /* LoginsStrongpasswordUITests.xctest */ = {isa = PBXFileReference; explicitFileType = wrapper.cfbundle; includeInIndex = 0; path = LoginsStrongpasswordUITests.xctest; sourceTree = BUILT_PRODUCTS_DIR; };
		5011E5EE2A3354C200CEE54E /* LoginsStrongpasswordUITests.swift */ = {isa = PBXFileReference; lastKnownFileType = sourcecode.swift; path = LoginsStrongpasswordUITests.swift; sourceTree = "<group>"; };
		5011E5F02A3354C200CEE54E /* LoginsStrongpasswordUITestsLaunchTests.swift */ = {isa = PBXFileReference; lastKnownFileType = sourcecode.swift; path = LoginsStrongpasswordUITestsLaunchTests.swift; sourceTree = "<group>"; };
/* End PBXFileReference section */

/* Begin PBXFrameworksBuildPhase section */
		5011E5C72A3354BF00CEE54E /* Frameworks */ = {
			isa = PBXFrameworksBuildPhase;
			buildActionMask = 2147483647;
			files = (
			);
			runOnlyForDeploymentPostprocessing = 0;
		};
		5011E5DD2A3354C200CEE54E /* Frameworks */ = {
			isa = PBXFrameworksBuildPhase;
			buildActionMask = 2147483647;
			files = (
			);
			runOnlyForDeploymentPostprocessing = 0;
		};
		5011E5E72A3354C200CEE54E /* Frameworks */ = {
			isa = PBXFrameworksBuildPhase;
			buildActionMask = 2147483647;
			files = (
			);
			runOnlyForDeploymentPostprocessing = 0;
		};
/* End PBXFrameworksBuildPhase section */

/* Begin PBXGroup section */
		5011E5C12A3354BF00CEE54E = {
			isa = PBXGroup;
			children = (
				5011E5CC2A3354BF00CEE54E /* LoginsStrongpassword */,
				5011E5E32A3354C200CEE54E /* LoginsStrongpasswordTests */,
				5011E5ED2A3354C200CEE54E /* LoginsStrongpasswordUITests */,
				5011E5CB2A3354BF00CEE54E /* Products */,
			);
			sourceTree = "<group>";
		};
		5011E5CB2A3354BF00CEE54E /* Products */ = {
			isa = PBXGroup;
			children = (
				5011E5CA2A3354BF00CEE54E /* LoginsStrongpassword.app */,
				5011E5E02A3354C200CEE54E /* LoginsStrongpasswordTests.xctest */,
				5011E5EA2A3354C200CEE54E /* LoginsStrongpasswordUITests.xctest */,
			);
			name = Products;
			sourceTree = "<group>";
		};
		5011E5CC2A3354BF00CEE54E /* LoginsStrongpassword */ = {
			isa = PBXGroup;
			children = (
				5011E5CD2A3354BF00CEE54E /* AppDelegate.swift */,
				5011E5CF2A3354BF00CEE54E /* SceneDelegate.swift */,
				5011E5D12A3354BF00CEE54E /* ViewController.swift */,
				5011E5D32A3354BF00CEE54E /* Main.storyboard */,
				5011E5D62A3354C200CEE54E /* Assets.xcassets */,
				5011E5D82A3354C200CEE54E /* LaunchScreen.storyboard */,
				5011E5DB2A3354C200CEE54E /* Info.plist */,
			);
			path = LoginsStrongpassword;
			sourceTree = "<group>";
		};
		5011E5E32A3354C200CEE54E /* LoginsStrongpasswordTests */ = {
			isa = PBXGroup;
			children = (
				5011E5E42A3354C200CEE54E /* LoginsStrongpasswordTests.swift */,
			);
			path = LoginsStrongpasswordTests;
			sourceTree = "<group>";
		};
		5011E5ED2A3354C200CEE54E /* LoginsStrongpasswordUITests */ = {
			isa = PBXGroup;
			children = (
				5011E5EE2A3354C200CEE54E /* LoginsStrongpasswordUITests.swift */,
				5011E5F02A3354C200CEE54E /* LoginsStrongpasswordUITestsLaunchTests.swift */,
			);
			path = LoginsStrongpasswordUITests;
			sourceTree = "<group>";
		};
/* End PBXGroup section */

/* Begin PBXNativeTarget section */
		5011E5C92A3354BF00CEE54E /* LoginsStrongpassword */ = {
			isa = PBXNativeTarget;
			buildConfigurationList = 5011E5F42A3354C200CEE54E /* Build configuration list for PBXNativeTarget "LoginsStrongpassword" */;
			buildPhases = (
				5011E5C62A3354BF00CEE54E /* Sources */,
				5011E5C72A3354BF00CEE54E /* Frameworks */,
				5011E5C82A3354BF00CEE54E /* Resources */,
			);
			buildRules = (
			);
			dependencies = (
			);
			name = LoginsStrongpassword;
			productName = LoginsStrongpassword;
			productReference = 5011E5CA2A3354BF00CEE54E /* LoginsStrongpassword.app */;
			productType = "com.apple.product-type.application";
		};
		5011E5DF2A3354C200CEE54E /* LoginsStrongpasswordTests */ = {
			isa = PBXNativeTarget;
			buildConfigurationList = 5011E5F72A3354C200CEE54E /* Build configuration list for PBXNativeTarget "LoginsStrongpasswordTests" */;
			buildPhases = (
				5011E5DC2A3354C200CEE54E /* Sources */,
				5011E5DD2A3354C200CEE54E /* Frameworks */,
				5011E5DE2A3354C200CEE54E /* Resources */,
			);
			buildRules = (
			);
			dependencies = (
				5011E5E22A3354C200CEE54E /* PBXTargetDependency */,
			);
			name = LoginsStrongpasswordTests;
			productName = LoginsStrongpasswordTests;
			productReference = 5011E5E02A3354C200CEE54E /* LoginsStrongpasswordTests.xctest */;
			productType = "com.apple.product-type.bundle.unit-test";
		};
		5011E5E92A3354C200CEE54E /* LoginsStrongpasswordUITests */ = {
			isa = PBXNativeTarget;
			buildConfigurationList = 5011E5FA2A3354C200CEE54E /* Build configuration list for PBXNativeTarget "LoginsStrongpasswordUITests" */;
			buildPhases = (
				5011E5E62A3354C200CEE54E /* Sources */,
				5011E5E72A3354C200CEE54E /* Frameworks */,
				5011E5E82A3354C200CEE54E /* Resources */,
			);
			buildRules = (
			);
			dependencies = (
				5011E5EC2A3354C200CEE54E /* PBXTargetDependency */,
			);
			name = LoginsStrongpasswordUITests;
			productName = LoginsStrongpasswordUITests;
			productReference = 5011E5EA2A3354C200CEE54E /* LoginsStrongpasswordUITests.xctest */;
			productType = "com.apple.product-type.bundle.ui-testing";
		};
/* End PBXNativeTarget section */

/* Begin PBXProject section */
		5011E5C22A3354BF00CEE54E /* Project object */ = {
			isa = PBXProject;
			attributes = {
				BuildIndependentTargetsInParallel = 1;
				LastSwiftUpdateCheck = 1430;
				LastUpgradeCheck = 1430;
				TargetAttributes = {
					5011E5C92A3354BF00CEE54E = {
						CreatedOnToolsVersion = 14.3;
					};
					5011E5DF2A3354C200CEE54E = {
						CreatedOnToolsVersion = 14.3;
						TestTargetID = 5011E5C92A3354BF00CEE54E;
					};
					5011E5E92A3354C200CEE54E = {
						CreatedOnToolsVersion = 14.3;
						TestTargetID = 5011E5C92A3354BF00CEE54E;
					};
				};
			};
			buildConfigurationList = 5011E5C52A3354BF00CEE54E /* Build configuration list for PBXProject "LoginsStrongpassword" */;
			compatibilityVersion = "Xcode 14.0";
			developmentRegion = en;
			hasScannedForEncodings = 0;
			knownRegions = (
				en,
				Base,
			);
			mainGroup = 5011E5C12A3354BF00CEE54E;
			productRefGroup = 5011E5CB2A3354BF00CEE54E /* Products */;
			projectDirPath = "";
			projectRoot = "";
			targets = (
				5011E5C92A3354BF00CEE54E /* LoginsStrongpassword */,
				5011E5DF2A3354C200CEE54E /* LoginsStrongpasswordTests */,
				5011E5E92A3354C200CEE54E /* LoginsStrongpasswordUITests */,
			);
		};
/* End PBXProject section */

/* Begin PBXResourcesBuildPhase section */
		5011E5C82A3354BF00CEE54E /* Resources */ = {
			isa = PBXResourcesBuildPhase;
			buildActionMask = 2147483647;
			files = (
				5011E5DA2A3354C200CEE54E /* LaunchScreen.storyboard in Resources */,
				5011E5D72A3354C200CEE54E /* Assets.xcassets in Resources */,
				5011E5D52A3354BF00CEE54E /* Main.storyboard in Resources */,
			);
			runOnlyForDeploymentPostprocessing = 0;
		};
		5011E5DE2A3354C200CEE54E /* Resources */ = {
			isa = PBXResourcesBuildPhase;
			buildActionMask = 2147483647;
			files = (
			);
			runOnlyForDeploymentPostprocessing = 0;
		};
		5011E5E82A3354C200CEE54E /* Resources */ = {
			isa = PBXResourcesBuildPhase;
			buildActionMask = 2147483647;
			files = (
			);
			runOnlyForDeploymentPostprocessing = 0;
		};
/* End PBXResourcesBuildPhase section */

/* Begin PBXSourcesBuildPhase section */
		5011E5C62A3354BF00CEE54E /* Sources */ = {
			isa = PBXSourcesBuildPhase;
			buildActionMask = 2147483647;
			files = (
				5011E5D22A3354BF00CEE54E /* ViewController.swift in Sources */,
				5011E5CE2A3354BF00CEE54E /* AppDelegate.swift in Sources */,
				5011E5D02A3354BF00CEE54E /* SceneDelegate.swift in Sources */,
			);
			runOnlyForDeploymentPostprocessing = 0;
		};
		5011E5DC2A3354C200CEE54E /* Sources */ = {
			isa = PBXSourcesBuildPhase;
			buildActionMask = 2147483647;
			files = (
				5011E5E52A3354C200CEE54E /* LoginsStrongpasswordTests.swift in Sources */,
			);
			runOnlyForDeploymentPostprocessing = 0;
		};
		5011E5E62A3354C200CEE54E /* Sources */ = {
			isa = PBXSourcesBuildPhase;
			buildActionMask = 2147483647;
			files = (
				5011E5F12A3354C200CEE54E /* LoginsStrongpasswordUITestsLaunchTests.swift in Sources */,
				5011E5EF2A3354C200CEE54E /* LoginsStrongpasswordUITests.swift in Sources */,
			);
			runOnlyForDeploymentPostprocessing = 0;
		};
/* End PBXSourcesBuildPhase section */

/* Begin PBXTargetDependency section */
		5011E5E22A3354C200CEE54E /* PBXTargetDependency */ = {
			isa = PBXTargetDependency;
			target = 5011E5C92A3354BF00CEE54E /* LoginsStrongpassword */;
			targetProxy = 5011E5E12A3354C200CEE54E /* PBXContainerItemProxy */;
		};
		5011E5EC2A3354C200CEE54E /* PBXTargetDependency */ = {
			isa = PBXTargetDependency;
			target = 5011E5C92A3354BF00CEE54E /* LoginsStrongpassword */;
			targetProxy = 5011E5EB2A3354C200CEE54E /* PBXContainerItemProxy */;
		};
/* End PBXTargetDependency section */

/* Begin PBXVariantGroup section */
		5011E5D32A3354BF00CEE54E /* Main.storyboard */ = {
			isa = PBXVariantGroup;
			children = (
				5011E5D42A3354BF00CEE54E /* Base */,
			);
			name = Main.storyboard;
			sourceTree = "<group>";
		};
		5011E5D82A3354C200CEE54E /* LaunchScreen.storyboard */ = {
			isa = PBXVariantGroup;
			children = (
				5011E5D92A3354C200CEE54E /* Base */,
			);
			name = LaunchScreen.storyboard;
			sourceTree = "<group>";
		};
/* End PBXVariantGroup section */

/* Begin XCBuildConfiguration section */
		5011E5F22A3354C200CEE54E /* Debug */ = {
			isa = XCBuildConfiguration;
			buildSettings = {
				ALWAYS_SEARCH_USER_PATHS = NO;
				CLANG_ANALYZER_NONNULL = YES;
				CLANG_ANALYZER_NUMBER_OBJECT_CONVERSION = YES_AGGRESSIVE;
				CLANG_CXX_LANGUAGE_STANDARD = "gnu++20";
				CLANG_ENABLE_MODULES = YES;
				CLANG_ENABLE_OBJC_ARC = YES;
				CLANG_ENABLE_OBJC_WEAK = YES;
				CLANG_WARN_BLOCK_CAPTURE_AUTORELEASING = YES;
				CLANG_WARN_BOOL_CONVERSION = YES;
				CLANG_WARN_COMMA = YES;
				CLANG_WARN_CONSTANT_CONVERSION = YES;
				CLANG_WARN_DEPRECATED_OBJC_IMPLEMENTATIONS = YES;
				CLANG_WARN_DIRECT_OBJC_ISA_USAGE = YES_ERROR;
				CLANG_WARN_DOCUMENTATION_COMMENTS = YES;
				CLANG_WARN_EMPTY_BODY = YES;
				CLANG_WARN_ENUM_CONVERSION = YES;
				CLANG_WARN_INFINITE_RECURSION = YES;
				CLANG_WARN_INT_CONVERSION = YES;
				CLANG_WARN_NON_LITERAL_NULL_CONVERSION = YES;
				CLANG_WARN_OBJC_IMPLICIT_RETAIN_SELF = YES;
				CLANG_WARN_OBJC_LITERAL_CONVERSION = YES;
				CLANG_WARN_OBJC_ROOT_CLASS = YES_ERROR;
				CLANG_WARN_QUOTED_INCLUDE_IN_FRAMEWORK_HEADER = YES;
				CLANG_WARN_RANGE_LOOP_ANALYSIS = YES;
				CLANG_WARN_STRICT_PROTOTYPES = YES;
				CLANG_WARN_SUSPICIOUS_MOVE = YES;
				CLANG_WARN_UNGUARDED_AVAILABILITY = YES_AGGRESSIVE;
				CLANG_WARN_UNREACHABLE_CODE = YES;
				CLANG_WARN__DUPLICATE_METHOD_MATCH = YES;
				COPY_PHASE_STRIP = NO;
				DEBUG_INFORMATION_FORMAT = dwarf;
				ENABLE_STRICT_OBJC_MSGSEND = YES;
				ENABLE_TESTABILITY = YES;
				GCC_C_LANGUAGE_STANDARD = gnu11;
				GCC_DYNAMIC_NO_PIC = NO;
				GCC_NO_COMMON_BLOCKS = YES;
				GCC_OPTIMIZATION_LEVEL = 0;
				GCC_PREPROCESSOR_DEFINITIONS = (
					"DEBUG=1",
					"$(inherited)",
				);
				GCC_WARN_64_TO_32_BIT_CONVERSION = YES;
				GCC_WARN_ABOUT_RETURN_TYPE = YES_ERROR;
				GCC_WARN_UNDECLARED_SELECTOR = YES;
				GCC_WARN_UNINITIALIZED_AUTOS = YES_AGGRESSIVE;
				GCC_WARN_UNUSED_FUNCTION = YES;
				GCC_WARN_UNUSED_VARIABLE = YES;
				IPHONEOS_DEPLOYMENT_TARGET = 16.4;
				MTL_ENABLE_DEBUG_INFO = INCLUDE_SOURCE;
				MTL_FAST_MATH = YES;
				ONLY_ACTIVE_ARCH = YES;
				SDKROOT = iphoneos;
				SWIFT_ACTIVE_COMPILATION_CONDITIONS = DEBUG;
				SWIFT_OPTIMIZATION_LEVEL = "-Onone";
			};
			name = Debug;
		};
		5011E5F32A3354C200CEE54E /* Release */ = {
			isa = XCBuildConfiguration;
			buildSettings = {
				ALWAYS_SEARCH_USER_PATHS = NO;
				CLANG_ANALYZER_NONNULL = YES;
				CLANG_ANALYZER_NUMBER_OBJECT_CONVERSION = YES_AGGRESSIVE;
				CLANG_CXX_LANGUAGE_STANDARD = "gnu++20";
				CLANG_ENABLE_MODULES = YES;
				CLANG_ENABLE_OBJC_ARC = YES;
				CLANG_ENABLE_OBJC_WEAK = YES;
				CLANG_WARN_BLOCK_CAPTURE_AUTORELEASING = YES;
				CLANG_WARN_BOOL_CONVERSION = YES;
				CLANG_WARN_COMMA = YES;
				CLANG_WARN_CONSTANT_CONVERSION = YES;
				CLANG_WARN_DEPRECATED_OBJC_IMPLEMENTATIONS = YES;
				CLANG_WARN_DIRECT_OBJC_ISA_USAGE = YES_ERROR;
				CLANG_WARN_DOCUMENTATION_COMMENTS = YES;
				CLANG_WARN_EMPTY_BODY = YES;
				CLANG_WARN_ENUM_CONVERSION = YES;
				CLANG_WARN_INFINITE_RECURSION = YES;
				CLANG_WARN_INT_CONVERSION = YES;
				CLANG_WARN_NON_LITERAL_NULL_CONVERSION = YES;
				CLANG_WARN_OBJC_IMPLICIT_RETAIN_SELF = YES;
				CLANG_WARN_OBJC_LITERAL_CONVERSION = YES;
				CLANG_WARN_OBJC_ROOT_CLASS = YES_ERROR;
				CLANG_WARN_QUOTED_INCLUDE_IN_FRAMEWORK_HEADER = YES;
				CLANG_WARN_RANGE_LOOP_ANALYSIS = YES;
				CLANG_WARN_STRICT_PROTOTYPES = YES;
				CLANG_WARN_SUSPICIOUS_MOVE = YES;
				CLANG_WARN_UNGUARDED_AVAILABILITY = YES_AGGRESSIVE;
				CLANG_WARN_UNREACHABLE_CODE = YES;
				CLANG_WARN__DUPLICATE_METHOD_MATCH = YES;
				COPY_PHASE_STRIP = NO;
				DEBUG_INFORMATION_FORMAT = "dwarf-with-dsym";
				ENABLE_NS_ASSERTIONS = NO;
				ENABLE_STRICT_OBJC_MSGSEND = YES;
				GCC_C_LANGUAGE_STANDARD = gnu11;
				GCC_NO_COMMON_BLOCKS = YES;
				GCC_WARN_64_TO_32_BIT_CONVERSION = YES;
				GCC_WARN_ABOUT_RETURN_TYPE = YES_ERROR;
				GCC_WARN_UNDECLARED_SELECTOR = YES;
				GCC_WARN_UNINITIALIZED_AUTOS = YES_AGGRESSIVE;
				GCC_WARN_UNUSED_FUNCTION = YES;
				GCC_WARN_UNUSED_VARIABLE = YES;
				IPHONEOS_DEPLOYMENT_TARGET = 16.4;
				MTL_ENABLE_DEBUG_INFO = NO;
				MTL_FAST_MATH = YES;
				SDKROOT = iphoneos;
				SWIFT_COMPILATION_MODE = wholemodule;
				SWIFT_OPTIMIZATION_LEVEL = "-O";
				VALIDATE_PRODUCT = YES;
			};
			name = Release;
		};
		5011E5F52A3354C200CEE54E /* Debug */ = {
			isa = XCBuildConfiguration;
			buildSettings = {
				ASSETCATALOG_COMPILER_APPICON_NAME = AppIcon;
				ASSETCATALOG_COMPILER_GLOBAL_ACCENT_COLOR_NAME = AccentColor;
				CODE_SIGN_STYLE = Automatic;
				CURRENT_PROJECT_VERSION = 1;
				GENERATE_INFOPLIST_FILE = YES;
				INFOPLIST_FILE = LoginsStrongpassword/Info.plist;
				INFOPLIST_KEY_UIApplicationSupportsIndirectInputEvents = YES;
				INFOPLIST_KEY_UILaunchStoryboardName = LaunchScreen;
				INFOPLIST_KEY_UIMainStoryboardFile = Main;
				INFOPLIST_KEY_UISupportedInterfaceOrientations_iPad = "UIInterfaceOrientationPortrait UIInterfaceOrientationPortraitUpsideDown UIInterfaceOrientationLandscapeLeft UIInterfaceOrientationLandscapeRight";
				INFOPLIST_KEY_UISupportedInterfaceOrientations_iPhone = "UIInterfaceOrientationPortrait UIInterfaceOrientationLandscapeLeft UIInterfaceOrientationLandscapeRight";
				LD_RUNPATH_SEARCH_PATHS = (
					"$(inherited)",
					"@executable_path/Frameworks",
				);
				MARKETING_VERSION = 1.0;
				PRODUCT_BUNDLE_IDENTIFIER = com.kaushik.pvl.ltd.LoginsStrongpassword;
				PRODUCT_NAME = "$(TARGET_NAME)";
				SWIFT_EMIT_LOC_STRINGS = YES;
				SWIFT_VERSION = 5.0;
				TARGETED_DEVICE_FAMILY = "1,2";
			};
			name = Debug;
		};
		5011E5F62A3354C200CEE54E /* Release */ = {
			isa = XCBuildConfiguration;
			buildSettings = {
				ASSETCATALOG_COMPILER_APPICON_NAME = AppIcon;
				ASSETCATALOG_COMPILER_GLOBAL_ACCENT_COLOR_NAME = AccentColor;
				CODE_SIGN_STYLE = Automatic;
				CURRENT_PROJECT_VERSION = 1;
				GENERATE_INFOPLIST_FILE = YES;
				INFOPLIST_FILE = LoginsStrongpassword/Info.plist;
				INFOPLIST_KEY_UIApplicationSupportsIndirectInputEvents = YES;
				INFOPLIST_KEY_UILaunchStoryboardName = LaunchScreen;
				INFOPLIST_KEY_UIMainStoryboardFile = Main;
				INFOPLIST_KEY_UISupportedInterfaceOrientations_iPad = "UIInterfaceOrientationPortrait UIInterfaceOrientationPortraitUpsideDown UIInterfaceOrientationLandscapeLeft UIInterfaceOrientationLandscapeRight";
				INFOPLIST_KEY_UISupportedInterfaceOrientations_iPhone = "UIInterfaceOrientationPortrait UIInterfaceOrientationLandscapeLeft UIInterfaceOrientationLandscapeRight";
				LD_RUNPATH_SEARCH_PATHS = (
					"$(inherited)",
					"@executable_path/Frameworks",
				);
				MARKETING_VERSION = 1.0;
				PRODUCT_BUNDLE_IDENTIFIER = com.kaushik.pvl.ltd.LoginsStrongpassword;
				PRODUCT_NAME = "$(TARGET_NAME)";
				SWIFT_EMIT_LOC_STRINGS = YES;
				SWIFT_VERSION = 5.0;
				TARGETED_DEVICE_FAMILY = "1,2";
			};
			name = Release;
		};
		5011E5F82A3354C200CEE54E /* Debug */ = {
			isa = XCBuildConfiguration;
			buildSettings = {
				ALWAYS_EMBED_SWIFT_STANDARD_LIBRARIES = YES;
				BUNDLE_LOADER = "$(TEST_HOST)";
				CODE_SIGN_STYLE = Automatic;
				CURRENT_PROJECT_VERSION = 1;
				GENERATE_INFOPLIST_FILE = YES;
				IPHONEOS_DEPLOYMENT_TARGET = 16.4;
				MARKETING_VERSION = 1.0;
				PRODUCT_BUNDLE_IDENTIFIER = com.kaushik.pvl.ltd.LoginsStrongpasswordTests;
				PRODUCT_NAME = "$(TARGET_NAME)";
				SWIFT_EMIT_LOC_STRINGS = NO;
				SWIFT_VERSION = 5.0;
				TARGETED_DEVICE_FAMILY = "1,2";
				TEST_HOST = "$(BUILT_PRODUCTS_DIR)/LoginsStrongpassword.app/$(BUNDLE_EXECUTABLE_FOLDER_PATH)/LoginsStrongpassword";
			};
			name = Debug;
		};
		5011E5F92A3354C200CEE54E /* Release */ = {
			isa = XCBuildConfiguration;
			buildSettings = {
				ALWAYS_EMBED_SWIFT_STANDARD_LIBRARIES = YES;
				BUNDLE_LOADER = "$(TEST_HOST)";
				CODE_SIGN_STYLE = Automatic;
				CURRENT_PROJECT_VERSION = 1;
				GENERATE_INFOPLIST_FILE = YES;
				IPHONEOS_DEPLOYMENT_TARGET = 16.4;
				MARKETING_VERSION = 1.0;
				PRODUCT_BUNDLE_IDENTIFIER = com.kaushik.pvl.ltd.LoginsStrongpasswordTests;
				PRODUCT_NAME = "$(TARGET_NAME)";
				SWIFT_EMIT_LOC_STRINGS = NO;
				SWIFT_VERSION = 5.0;
				TARGETED_DEVICE_FAMILY = "1,2";
				TEST_HOST = "$(BUILT_PRODUCTS_DIR)/LoginsStrongpassword.app/$(BUNDLE_EXECUTABLE_FOLDER_PATH)/LoginsStrongpassword";
			};
			name = Release;
		};
		5011E5FB2A3354C200CEE54E /* Debug */ = {
			isa = XCBuildConfiguration;
			buildSettings = {
				ALWAYS_EMBED_SWIFT_STANDARD_LIBRARIES = YES;
				CODE_SIGN_STYLE = Automatic;
				CURRENT_PROJECT_VERSION = 1;
				GENERATE_INFOPLIST_FILE = YES;
				MARKETING_VERSION = 1.0;
				PRODUCT_BUNDLE_IDENTIFIER = com.kaushik.pvl.ltd.LoginsStrongpasswordUITests;
				PRODUCT_NAME = "$(TARGET_NAME)";
				SWIFT_EMIT_LOC_STRINGS = NO;
				SWIFT_VERSION = 5.0;
				TARGETED_DEVICE_FAMILY = "1,2";
				TEST_TARGET_NAME = LoginsStrongpassword;
			};
			name = Debug;
		};
		5011E5FC2A3354C200CEE54E /* Release */ = {
			isa = XCBuildConfiguration;
			buildSettings = {
				ALWAYS_EMBED_SWIFT_STANDARD_LIBRARIES = YES;
				CODE_SIGN_STYLE = Automatic;
				CURRENT_PROJECT_VERSION = 1;
				GENERATE_INFOPLIST_FILE = YES;
				MARKETING_VERSION = 1.0;
				PRODUCT_BUNDLE_IDENTIFIER = com.kaushik.pvl.ltd.LoginsStrongpasswordUITests;
				PRODUCT_NAME = "$(TARGET_NAME)";
				SWIFT_EMIT_LOC_STRINGS = NO;
				SWIFT_VERSION = 5.0;
				TARGETED_DEVICE_FAMILY = "1,2";
				TEST_TARGET_NAME = LoginsStrongpassword;
			};
			name = Release;
		};
/* End XCBuildConfiguration section */

/* Begin XCConfigurationList section */
		5011E5C52A3354BF00CEE54E /* Build configuration list for PBXProject "LoginsStrongpassword" */ = {
			isa = XCConfigurationList;
			buildConfigurations = (
				5011E5F22A3354C200CEE54E /* Debug */,
				5011E5F32A3354C200CEE54E /* Release */,
			);
			defaultConfigurationIsVisible = 0;
			defaultConfigurationName = Release;
		};
		5011E5F42A3354C200CEE54E /* Build configuration list for PBXNativeTarget "LoginsStrongpassword" */ = {
			isa = XCConfigurationList;
			buildConfigurations = (
				5011E5F52A3354C200CEE54E /* Debug */,
				5011E5F62A3354C200CEE54E /* Release */,
			);
			defaultConfigurationIsVisible = 0;
			defaultConfigurationName = Release;
		};
		5011E5F72A3354C200CEE54E /* Build configuration list for PBXNativeTarget "LoginsStrongpasswordTests" */ = {
			isa = XCConfigurationList;
			buildConfigurations = (
				5011E5F82A3354C200CEE54E /* Debug */,
				5011E5F92A3354C200CEE54E /* Release */,
			);
			defaultConfigurationIsVisible = 0;
			defaultConfigurationName = Release;
		};
		5011E5FA2A3354C200CEE54E /* Build configuration list for PBXNativeTarget "LoginsStrongpasswordUITests" */ = {
			isa = XCConfigurationList;
			buildConfigurations = (
				5011E5FB2A3354C200CEE54E /* Debug */,
				5011E5FC2A3354C200CEE54E /* Release */,
			);
			defaultConfigurationIsVisible = 0;
			defaultConfigurationName = Release;
		};
/* End XCConfigurationList section */
	};
	rootObject = 5011E5C22A3354BF00CEE54E /* Project object */;
}
